
Microsoft Visual Studio Solution File, Format Version 12.00
# Visual Studio Version 16
VisualStudioVersion = 16.0.31005.135
MinimumVisualStudioVersion = 10.0.40219.1
Project("{888888A0-9F3D-457C-B088-3A5042F75D52}") = "tryDjango", "tryDjango.pyproj", "{EE751BBF-BEAE-4700-BD97-9A60A35DB753}"
EndProject
Global
	GlobalSection(SolutionConfigurationPlatforms) = preSolution
		Debug|Any CPU = Debug|Any CPU
		Release|Any CPU = Release|Any CPU
	EndGlobalSection
	GlobalSection(ProjectConfigurationPlatforms) = postSolution
		{EE751BBF-BEAE-4700-BD97-9A60A35DB753}.Debug|Any CPU.ActiveCfg = Debug|Any CPU
		{EE751BBF-BEAE-4700-BD97-9A60A35DB753}.Debug|Any CPU.Build.0 = Debug|Any CPU
		{EE751BBF-BEAE-4700-BD97-9A60A35DB753}.Release|Any CPU.ActiveCfg = Release|Any CPU
		{EE751BBF-BEAE-4700-BD97-9A60A35DB753}.Release|Any CPU.Build.0 = Release|Any CPU
	EndGlobalSection
	GlobalSection(SolutionProperties) = preSolution
		HideSolutionNode = FALSE
	EndGlobalSection
	GlobalSection(ExtensibilityGlobals) = postSolution
		SolutionGuid = {164384DE-3ED3-4297-ACD0-1A1424A5359F}
	EndGlobalSection
EndGlobal
